{
  "requires": true,
  "lockfileVersion": 1,
  "dependencies": {
    "types-registry": {
      "version": "0.1.580",
      "resolved": "https://registry.npmjs.org/types-registry/-/types-registry-0.1.580.tgz",
      "integrity": "sha512-xUwYbGUCnyCi5ihRc5X4t0QCEkYc+svhedDhmGkqs84SMnnuEZUMOLGrhg8ZxT7Ur+e3Hy+b/cHr46uogAe2IA=="
    }
  }
}
